Microsoft Visual Studio Solution File, Format Version 11.00
# Visual Studio 2010
Project("{8BC9CEB8-8B4A-11D0-8D11-00A0C91BC942}") = "FreeCompose", "FreeCompose\FreeCompose.vcxproj", "{E4ABDDFB-9594-4428-AAA7-49F5718377D6}"
	ProjectSection(ProjectDependencies) = postProject
		{619D362B-6047-48C7-A48B-2AAC20087C34} = {619D362B-6047-48C7-A48B-2AAC20087C34}
	EndProjectSection
EndProject
Project("{8BC9CEB8-8B4A-11D0-8D11-00A0C91BC942}") = "FCHookDll", "FCHookDll\FCHookDll.vcxproj", "{526574F1-C735-469C-A193-35235DF232BD}"
	ProjectSection(ProjectDependencies) = postProject
		{619D362B-6047-48C7-A48B-2AAC20087C34} = {619D362B-6047-48C7-A48B-2AAC20087C34}
	EndProjectSection
EndProject
Project("{54435603-DBB4-11D2-8724-00A0C9A8B90C}") = "Setup x86", "Setup x86\Setup x86.vdproj", "{FC37083F-FE77-4D25-97B1-57C7B3A588FA}"
	ProjectSection(ProjectDependencies) = postProject
		{619D362B-6047-48C7-A48B-2AAC20087C34} = {619D362B-6047-48C7-A48B-2AAC20087C34}
	EndProjectSection
EndProject
Project("{2150E333-8FDC-42A3-9474-1A3956D46DE8}") = "Solution Items", "Solution Items", "{2926CC61-E345-4303-9DF7-C129C5DDE354}"
	ProjectSection(SolutionItems) = preProject
		ConfigurationSample.xml = ConfigurationSample.xml
		FreeCompose.xsd = FreeCompose.xsd
		Licence.rtf = Licence.rtf
	EndProjectSection
EndProject
Project("{54435603-DBB4-11D2-8724-00A0C9A8B90C}") = "Setup x64", "Setup x64\Setup x64.vdproj", "{3E86E306-9E61-4059-9099-13AC33FC03A9}"
	ProjectSection(ProjectDependencies) = postProject
		{619D362B-6047-48C7-A48B-2AAC20087C34} = {619D362B-6047-48C7-A48B-2AAC20087C34}
	EndProjectSection
EndProject
Project("{8BC9CEB8-8B4A-11D0-8D11-00A0C91BC942}") = "FCShared", "FCShared\FCShared.vcxproj", "{619D362B-6047-48C7-A48B-2AAC20087C34}"
EndProject
Project("{FAE04EC0-301F-11D3-BF4B-00C04F79EFBC}") = "NewFrontEnd", "NewFrontEnd\NewFrontEnd.csproj", "{D01B7AF7-CE95-42BA-9544-23017449D901}"
EndProject
Global
	GlobalSection(SubversionScc) = preSolution
		Svn-Managed = True
		Manager = AnkhSVN - Subversion Support for Visual Studio
	EndGlobalSection
	GlobalSection(SolutionConfigurationPlatforms) = preSolution
		Debug|Mixed Platforms = Debug|Mixed Platforms
		Debug|Win32 = Debug|Win32
		Debug|x64 = Debug|x64
		Debug|x86 = Debug|x86
		Release|Mixed Platforms = Release|Mixed Platforms
		Release|Win32 = Release|Win32
		Release|x64 = Release|x64
		Release|x86 = Release|x86
	EndGlobalSection
	GlobalSection(ProjectConfigurationPlatforms) = postSolution
		{E4ABDDFB-9594-4428-AAA7-49F5718377D6}.Debug|Mixed Platforms.ActiveCfg = Debug|x64
		{E4ABDDFB-9594-4428-AAA7-49F5718377D6}.Debug|Mixed Platforms.Build.0 = Debug|x64
		{E4ABDDFB-9594-4428-AAA7-49F5718377D6}.Debug|Win32.ActiveCfg = Debug|Win32
		{E4ABDDFB-9594-4428-AAA7-49F5718377D6}.Debug|Win32.Build.0 = Debug|Win32
		{E4ABDDFB-9594-4428-AAA7-49F5718377D6}.Debug|x64.ActiveCfg = Debug|x64
		{E4ABDDFB-9594-4428-AAA7-49F5718377D6}.Debug|x64.Build.0 = Debug|x64
		{E4ABDDFB-9594-4428-AAA7-49F5718377D6}.Debug|x86.ActiveCfg = Debug|x64
		{E4ABDDFB-9594-4428-AAA7-49F5718377D6}.Release|Mixed Platforms.ActiveCfg = Release|x64
		{E4ABDDFB-9594-4428-AAA7-49F5718377D6}.Release|Mixed Platforms.Build.0 = Release|x64
		{E4ABDDFB-9594-4428-AAA7-49F5718377D6}.Release|Win32.ActiveCfg = Release|Win32
		{E4ABDDFB-9594-4428-AAA7-49F5718377D6}.Release|Win32.Build.0 = Release|Win32
		{E4ABDDFB-9594-4428-AAA7-49F5718377D6}.Release|x64.ActiveCfg = Release|x64
		{E4ABDDFB-9594-4428-AAA7-49F5718377D6}.Release|x64.Build.0 = Release|x64
		{E4ABDDFB-9594-4428-AAA7-49F5718377D6}.Release|x86.ActiveCfg = Release|x64
		{526574F1-C735-469C-A193-35235DF232BD}.Debug|Mixed Platforms.ActiveCfg = Debug|x64
		{526574F1-C735-469C-A193-35235DF232BD}.Debug|Mixed Platforms.Build.0 = Debug|x64
		{526574F1-C735-469C-A193-35235DF232BD}.Debug|Win32.ActiveCfg = Debug|Win32
		{526574F1-C735-469C-A193-35235DF232BD}.Debug|Win32.Build.0 = Debug|Win32
		{526574F1-C735-469C-A193-35235DF232BD}.Debug|x64.ActiveCfg = Debug|x64
		{526574F1-C735-469C-A193-35235DF232BD}.Debug|x64.Build.0 = Debug|x64
		{526574F1-C735-469C-A193-35235DF232BD}.Debug|x86.ActiveCfg = Debug|x64
		{526574F1-C735-469C-A193-35235DF232BD}.Release|Mixed Platforms.ActiveCfg = Release|x64
		{526574F1-C735-469C-A193-35235DF232BD}.Release|Mixed Platforms.Build.0 = Release|x64
		{526574F1-C735-469C-A193-35235DF232BD}.Release|Win32.ActiveCfg = Release|Win32
		{526574F1-C735-469C-A193-35235DF232BD}.Release|Win32.Build.0 = Release|Win32
		{526574F1-C735-469C-A193-35235DF232BD}.Release|x64.ActiveCfg = Release|x64
		{526574F1-C735-469C-A193-35235DF232BD}.Release|x64.Build.0 = Release|x64
		{526574F1-C735-469C-A193-35235DF232BD}.Release|x86.ActiveCfg = Release|x64
		{FC37083F-FE77-4D25-97B1-57C7B3A588FA}.Debug|Mixed Platforms.ActiveCfg = Debug
		{FC37083F-FE77-4D25-97B1-57C7B3A588FA}.Debug|Mixed Platforms.Build.0 = Debug
		{FC37083F-FE77-4D25-97B1-57C7B3A588FA}.Debug|Win32.ActiveCfg = Debug
		{FC37083F-FE77-4D25-97B1-57C7B3A588FA}.Debug|x64.ActiveCfg = Debug
		{FC37083F-FE77-4D25-97B1-57C7B3A588FA}.Debug|x86.ActiveCfg = Debug
		{FC37083F-FE77-4D25-97B1-57C7B3A588FA}.Debug|x86.Build.0 = Debug
		{FC37083F-FE77-4D25-97B1-57C7B3A588FA}.Release|Mixed Platforms.ActiveCfg = Release
		{FC37083F-FE77-4D25-97B1-57C7B3A588FA}.Release|Mixed Platforms.Build.0 = Release
		{FC37083F-FE77-4D25-97B1-57C7B3A588FA}.Release|Win32.ActiveCfg = Release
		{FC37083F-FE77-4D25-97B1-57C7B3A588FA}.Release|Win32.Build.0 = Release
		{FC37083F-FE77-4D25-97B1-57C7B3A588FA}.Release|x64.ActiveCfg = Release
		{FC37083F-FE77-4D25-97B1-57C7B3A588FA}.Release|x86.ActiveCfg = Release
		{FC37083F-FE77-4D25-97B1-57C7B3A588FA}.Release|x86.Build.0 = Release
		{3E86E306-9E61-4059-9099-13AC33FC03A9}.Debug|Mixed Platforms.ActiveCfg = Debug
		{3E86E306-9E61-4059-9099-13AC33FC03A9}.Debug|Mixed Platforms.Build.0 = Debug
		{3E86E306-9E61-4059-9099-13AC33FC03A9}.Debug|Win32.ActiveCfg = Debug
		{3E86E306-9E61-4059-9099-13AC33FC03A9}.Debug|x64.ActiveCfg = Debug
		{3E86E306-9E61-4059-9099-13AC33FC03A9}.Debug|x86.ActiveCfg = Debug
		{3E86E306-9E61-4059-9099-13AC33FC03A9}.Debug|x86.Build.0 = Debug
		{3E86E306-9E61-4059-9099-13AC33FC03A9}.Release|Mixed Platforms.ActiveCfg = Release
		{3E86E306-9E61-4059-9099-13AC33FC03A9}.Release|Mixed Platforms.Build.0 = Release
		{3E86E306-9E61-4059-9099-13AC33FC03A9}.Release|Win32.ActiveCfg = Release
		{3E86E306-9E61-4059-9099-13AC33FC03A9}.Release|x64.ActiveCfg = Release
		{3E86E306-9E61-4059-9099-13AC33FC03A9}.Release|x64.Build.0 = Release
		{3E86E306-9E61-4059-9099-13AC33FC03A9}.Release|x86.ActiveCfg = Release
		{3E86E306-9E61-4059-9099-13AC33FC03A9}.Release|x86.Build.0 = Release
		{619D362B-6047-48C7-A48B-2AAC20087C34}.Debug|Mixed Platforms.ActiveCfg = Debug|x64
		{619D362B-6047-48C7-A48B-2AAC20087C34}.Debug|Mixed Platforms.Build.0 = Debug|x64
		{619D362B-6047-48C7-A48B-2AAC20087C34}.Debug|Win32.ActiveCfg = Debug|Win32
		{619D362B-6047-48C7-A48B-2AAC20087C34}.Debug|Win32.Build.0 = Debug|Win32
		{619D362B-6047-48C7-A48B-2AAC20087C34}.Debug|x64.ActiveCfg = Debug|x64
		{619D362B-6047-48C7-A48B-2AAC20087C34}.Debug|x64.Build.0 = Debug|x64
		{619D362B-6047-48C7-A48B-2AAC20087C34}.Debug|x86.ActiveCfg = Debug|x64
		{619D362B-6047-48C7-A48B-2AAC20087C34}.Release|Mixed Platforms.ActiveCfg = Release|x64
		{619D362B-6047-48C7-A48B-2AAC20087C34}.Release|Mixed Platforms.Build.0 = Release|x64
		{619D362B-6047-48C7-A48B-2AAC20087C34}.Release|Win32.ActiveCfg = Release|Win32
		{619D362B-6047-48C7-A48B-2AAC20087C34}.Release|Win32.Build.0 = Release|Win32
		{619D362B-6047-48C7-A48B-2AAC20087C34}.Release|x64.ActiveCfg = Release|x64
		{619D362B-6047-48C7-A48B-2AAC20087C34}.Release|x64.Build.0 = Release|x64
		{619D362B-6047-48C7-A48B-2AAC20087C34}.Release|x86.ActiveCfg = Release|x64
		{D01B7AF7-CE95-42BA-9544-23017449D901}.Debug|Mixed Platforms.ActiveCfg = Debug|x86
		{D01B7AF7-CE95-42BA-9544-23017449D901}.Debug|Mixed Platforms.Build.0 = Debug|x86
		{D01B7AF7-CE95-42BA-9544-23017449D901}.Debug|Win32.ActiveCfg = Debug|x86
		{D01B7AF7-CE95-42BA-9544-23017449D901}.Debug|x64.ActiveCfg = Debug|x86
		{D01B7AF7-CE95-42BA-9544-23017449D901}.Debug|x86.ActiveCfg = Debug|x86
		{D01B7AF7-CE95-42BA-9544-23017449D901}.Debug|x86.Build.0 = Debug|x86
		{D01B7AF7-CE95-42BA-9544-23017449D901}.Release|Mixed Platforms.ActiveCfg = Release|x86
		{D01B7AF7-CE95-42BA-9544-23017449D901}.Release|Mixed Platforms.Build.0 = Release|x86
		{D01B7AF7-CE95-42BA-9544-23017449D901}.Release|Win32.ActiveCfg = Release|x86
		{D01B7AF7-CE95-42BA-9544-23017449D901}.Release|x64.ActiveCfg = Release|x86
		{D01B7AF7-CE95-42BA-9544-23017449D901}.Release|x86.ActiveCfg = Release|x86
		{D01B7AF7-CE95-42BA-9544-23017449D901}.Release|x86.Build.0 = Release|x86
	EndGlobalSection
	GlobalSection(SolutionProperties) = preSolution
		HideSolutionNode = FALSE
	EndGlobalSection
EndGlobal
